
Microsoft Visual Studio Solution File, Format Version 12.00
# Visual Studio Version 17
VisualStudioVersion = 17.4.32912.340
MinimumVisualStudioVersion = 10.0.40219.1
Project("{9A19103F-16F7-4668-BE54-9A1E7A4F7556}") = "KUPReportGenerator", "src\KUPReportGenerator.csproj", "{3D6CF384-E870-4D72-8859-469FFEA6D2ED}"
EndProject
Global
	GlobalSection(SolutionConfigurationPlatforms) = preSolution
		Debug|Any CPU = Debug|Any CPU
		Release|Any CPU = Release|Any CPU
	EndGlobalSection
	GlobalSection(ProjectConfigurationPlatforms) = postSolution
		{3D6CF384-E870-4D72-8859-469FFEA6D2ED}.Debug|Any CPU.ActiveCfg = Debug|Any CPU
		{3D6CF384-E870-4D72-8859-469FFEA6D2ED}.Debug|Any CPU.Build.0 = Debug|Any CPU
		{3D6CF384-E870-4D72-8859-469FFEA6D2ED}.Release|Any CPU.ActiveCfg = Release|Any CPU
		{3D6CF384-E870-4D72-8859-469FFEA6D2ED}.Release|Any CPU.Build.0 = Release|Any CPU
	EndGlobalSection
	GlobalSection(SolutionProperties) = preSolution
		HideSolutionNode = FALSE
	EndGlobalSection
	GlobalSection(ExtensibilityGlobals) = postSolution
		SolutionGuid = {CFB26D7D-7D23-4B59-A3E2-FBB974294C72}
	EndGlobalSection
EndGlobal
